// !$*UTF8*$!
{
	archiveVersion = 1;
	classes = {
	};
	objectVersion = 56;
	objects = {

/* Begin PBXBuildFile section */
		58264609294E4AF90008923C /* SQLite in Frameworks */ = {isa = PBXBuildFile; productRef = 58264608294E4AF90008923C /* SQLite */; };
		5826460E294E52CB0008923C /* FirebaseAuth in Frameworks */ = {isa = PBXBuildFile; productRef = 5826460D294E52CB0008923C /* FirebaseAuth */; };
		58264610294E52CB0008923C /* FirebaseDatabase in Frameworks */ = {isa = PBXBuildFile; productRef = 5826460F294E52CB0008923C /* FirebaseDatabase */; };
		58264612294E52CB0008923C /* FirebaseFirestore in Frameworks */ = {isa = PBXBuildFile; productRef = 58264611294E52CB0008923C /* FirebaseFirestore */; };
		58264614294E65EA0008923C /* GoogleService-Info.plist in Resources */ = {isa = PBXBuildFile; fileRef = 58264613294E65EA0008923C /* GoogleService-Info.plist */; };
		5826462029509CE00008923C /* Color.swift in Sources */ = {isa = PBXBuildFile; fileRef = 5826461F29509CE00008923C /* Color.swift */; };
		582646232950CEAA0008923C /* FirebaseFirestoreSwift in Frameworks */ = {isa = PBXBuildFile; productRef = 582646222950CEAA0008923C /* FirebaseFirestoreSwift */; };
		582646252950CEC30008923C /* FirebaseStorage in Frameworks */ = {isa = PBXBuildFile; productRef = 582646242950CEC30008923C /* FirebaseStorage */; };
		582981512969F8D000D2B28C /* TabView.swift in Sources */ = {isa = PBXBuildFile; fileRef = 582981502969F8D000D2B28C /* TabView.swift */; };
		582981532969FA9F00D2B28C /* SettingsView.swift in Sources */ = {isa = PBXBuildFile; fileRef = 582981522969FA9F00D2B28C /* SettingsView.swift */; };
		582981552969FB0500D2B28C /* PatientsListView.swift in Sources */ = {isa = PBXBuildFile; fileRef = 582981542969FB0500D2B28C /* PatientsListView.swift */; };
		58298159296A0DAD00D2B28C /* SplashScreenView.swift in Sources */ = {isa = PBXBuildFile; fileRef = 58298158296A0DAD00D2B28C /* SplashScreenView.swift */; };
		5829815B296DA82B00D2B28C /* Patients.swift in Sources */ = {isa = PBXBuildFile; fileRef = 5829815A296DA82B00D2B28C /* Patients.swift */; };
		582981632975EBE800D2B28C /* PatientsViewModel.swift in Sources */ = {isa = PBXBuildFile; fileRef = 582981622975EBE800D2B28C /* PatientsViewModel.swift */; };
		582981662975F4C200D2B28C /* SDWebImage in Frameworks */ = {isa = PBXBuildFile; productRef = 582981652975F4C200D2B28C /* SDWebImage */; };
		582981692975F5A700D2B28C /* SDWebImageSwiftUI in Frameworks */ = {isa = PBXBuildFile; productRef = 582981682975F5A700D2B28C /* SDWebImageSwiftUI */; };
		5829816C2975F6CA00D2B28C /* CachedAsyncImage in Frameworks */ = {isa = PBXBuildFile; productRef = 5829816B2975F6CA00D2B28C /* CachedAsyncImage */; };
		5829816E2975F8C000D2B28C /* PatientsDetailsView.swift in Sources */ = {isa = PBXBuildFile; fileRef = 5829816D2975F8C000D2B28C /* PatientsDetailsView.swift */; };
		582981702976016500D2B28C /* PatientsEditView.swift in Sources */ = {isa = PBXBuildFile; fileRef = 5829816F2976016500D2B28C /* PatientsEditView.swift */; };
		582981722976029200D2B28C /* PatientViewModel.swift in Sources */ = {isa = PBXBuildFile; fileRef = 582981712976029200D2B28C /* PatientViewModel.swift */; };
		58390B8B29360C2E003AF4C7 /* EIT_RemoteApp.swift in Sources */ = {isa = PBXBuildFile; fileRef = 58390B8A29360C2E003AF4C7 /* EIT_RemoteApp.swift */; };
		58390B8D29360C2E003AF4C7 /* ContentView.swift in Sources */ = {isa = PBXBuildFile; fileRef = 58390B8C29360C2E003AF4C7 /* ContentView.swift */; };
		58390B9229360C2F003AF4C7 /* Preview Assets.xcassets in Resources */ = {isa = PBXBuildFile; fileRef = 58390B9129360C2F003AF4C7 /* Preview Assets.xcassets */; };
		583C9D2F2A2741A8003464DA /* AuthService.swift in Sources */ = {isa = PBXBuildFile; fileRef = 583C9D2E2A2741A8003464DA /* AuthService.swift */; };
		583C9D312A274293003464DA /* DatabaseService.swift in Sources */ = {isa = PBXBuildFile; fileRef = 583C9D302A274293003464DA /* DatabaseService.swift */; };
		583C9D332A2742F2003464DA /* TabViewModel.swift in Sources */ = {isa = PBXBuildFile; fileRef = 583C9D322A2742F2003464DA /* TabViewModel.swift */; };
		583C9D352A2790BD003464DA /* StorageService.swift in Sources */ = {isa = PBXBuildFile; fileRef = 583C9D342A2790BD003464DA /* StorageService.swift */; };
		583C9D372A279129003464DA /* Patient.swift in Sources */ = {isa = PBXBuildFile; fileRef = 583C9D362A279129003464DA /* Patient.swift */; };
		583C9D392A2791A6003464DA /* Position.swift in Sources */ = {isa = PBXBuildFile; fileRef = 583C9D382A2791A6003464DA /* Position.swift */; };
		583C9D3B2A2791EF003464DA /* Order.swift in Sources */ = {isa = PBXBuildFile; fileRef = 583C9D3A2A2791EF003464DA /* Order.swift */; };
		583C9D3D2A279216003464DA /* OrderStatus.swift in Sources */ = {isa = PBXBuildFile; fileRef = 583C9D3C2A279216003464DA /* OrderStatus.swift */; };
		583C9D3F2A279BA6003464DA /* CatalogViewModel.swift in Sources */ = {isa = PBXBuildFile; fileRef = 583C9D3E2A279BA6003464DA /* CatalogViewModel.swift */; };
		583C9D412A279BF5003464DA /* PatientDetailViewModel.swift in Sources */ = {isa = PBXBuildFile; fileRef = 583C9D402A279BF5003464DA /* PatientDetailViewModel.swift */; };
		583C9D432A279C9B003464DA /* CartViewModel.swift in Sources */ = {isa = PBXBuildFile; fileRef = 583C9D422A279C9B003464DA /* CartViewModel.swift */; };
		583C9D452A279CC0003464DA /* ProfileViewModel.swift in Sources */ = {isa = PBXBuildFile; fileRef = 583C9D442A279CC0003464DA /* ProfileViewModel.swift */; };
		583C9D472A279D66003464DA /* AdminViewModel.swift in Sources */ = {isa = PBXBuildFile; fileRef = 583C9D462A279D66003464DA /* AdminViewModel.swift */; };
		583C9D492A279DA0003464DA /* OrderDetViewModel.swift in Sources */ = {isa = PBXBuildFile; fileRef = 583C9D482A279DA0003464DA /* OrderDetViewModel.swift */; };
		583C9D4B2A279DF0003464DA /* CatalogView.swift in Sources */ = {isa = PBXBuildFile; fileRef = 583C9D4A2A279DF0003464DA /* CatalogView.swift */; };
		583C9D4D2A279E14003464DA /* DetProdView.swift in Sources */ = {isa = PBXBuildFile; fileRef = 583C9D4C2A279E14003464DA /* DetProdView.swift */; };
		583C9D4F2A279E6F003464DA /* CartView.swift in Sources */ = {isa = PBXBuildFile; fileRef = 583C9D4E2A279E6F003464DA /* CartView.swift */; };
		583C9D512A27ABF7003464DA /* Categories.swift in Sources */ = {isa = PBXBuildFile; fileRef = 583C9D502A27ABF7003464DA /* Categories.swift */; };
		583C9D532A27AC50003464DA /* ProductCell.swift in Sources */ = {isa = PBXBuildFile; fileRef = 583C9D522A27AC50003464DA /* ProductCell.swift */; };
		583C9D552A27AC86003464DA /* PositionCell.swift in Sources */ = {isa = PBXBuildFile; fileRef = 583C9D542A27AC86003464DA /* PositionCell.swift */; };
		583C9D572A27ACA6003464DA /* OrderCell.swift in Sources */ = {isa = PBXBuildFile; fileRef = 583C9D562A27ACA6003464DA /* OrderCell.swift */; };
		583C9D592A27ACD4003464DA /* ImagePicker.swift in Sources */ = {isa = PBXBuildFile; fileRef = 583C9D582A27ACD4003464DA /* ImagePicker.swift */; };
		583C9D5B2A27ACFC003464DA /* View.swift in Sources */ = {isa = PBXBuildFile; fileRef = 583C9D5A2A27ACFC003464DA /* View.swift */; };
		583C9D5D2A27AD1C003464DA /* Date.swift in Sources */ = {isa = PBXBuildFile; fileRef = 583C9D5C2A27AD1C003464DA /* Date.swift */; };
		583C9D5F2A27AD43003464DA /* AdminOrdersView.swift in Sources */ = {isa = PBXBuildFile; fileRef = 583C9D5E2A27AD43003464DA /* AdminOrdersView.swift */; };
		583C9D612A27AD79003464DA /* OrderDetailView.swift in Sources */ = {isa = PBXBuildFile; fileRef = 583C9D602A27AD79003464DA /* OrderDetailView.swift */; };
		583C9D632A27AE0D003464DA /* AddProductView.swift in Sources */ = {isa = PBXBuildFile; fileRef = 583C9D622A27AE0D003464DA /* AddProductView.swift */; };
		583C9D652A27AFAB003464DA /* ProfileView.swift in Sources */ = {isa = PBXBuildFile; fileRef = 583C9D642A27AFAB003464DA /* ProfileView.swift */; };
		583C9D6C2A27EB15003464DA /* AuthView.swift in Sources */ = {isa = PBXBuildFile; fileRef = 583C9D6B2A27EB15003464DA /* AuthView.swift */; };
		587ADCDF29E01D7D005EC986 /* ImageView.swift in Sources */ = {isa = PBXBuildFile; fileRef = 587ADCDE29E01D7D005EC986 /* ImageView.swift */; };
		588BDC6A2A1506830065A337 /* ImageStreamView.swift in Sources */ = {isa = PBXBuildFile; fileRef = 588BDC692A1506830065A337 /* ImageStreamView.swift */; };
		588BDC6C2A1942EA0065A337 /* VentilationView.swift in Sources */ = {isa = PBXBuildFile; fileRef = 588BDC6B2A1942E90065A337 /* VentilationView.swift */; };
		588BDC6F2A1A72600065A337 /* SwiftUICharts in Frameworks */ = {isa = PBXBuildFile; productRef = 588BDC6E2A1A72600065A337 /* SwiftUICharts */; };
		588BDC752A1E96370065A337 /* User.swift in Sources */ = {isa = PBXBuildFile; fileRef = 588BDC742A1E96370065A337 /* User.swift */; };
		58BC642D2A288D1C004C914F /* Assets.xcassets in Resources */ = {isa = PBXBuildFile; fileRef = 58BC642C2A288D1C004C914F /* Assets.xcassets */; };
		58BC642F2A2911B4004C914F /* VentilationViewModel.swift in Sources */ = {isa = PBXBuildFile; fileRef = 58BC642E2A2911B4004C914F /* VentilationViewModel.swift */; };
		58BC64312A2FF2EF004C914F /* ShareSheet.swift in Sources */ = {isa = PBXBuildFile; fileRef = 58BC64302A2FF2EF004C914F /* ShareSheet.swift */; };
		58BC64362A30716E004C914F /* Time.swift in Sources */ = {isa = PBXBuildFile; fileRef = 58BC64352A30716E004C914F /* Time.swift */; };
/* End PBXBuildFile section */

/* Begin PBXFileReference section */
		58264613294E65EA0008923C /* GoogleService-Info.plist */ = {isa = PBXFileReference; fileEncoding = 4; lastKnownFileType = text.plist.xml; path = "GoogleService-Info.plist"; sourceTree = "<group>"; };
		5826461F29509CE00008923C /* Color.swift */ = {isa = PBXFileReference; lastKnownFileType = sourcecode.swift; path = Color.swift; sourceTree = "<group>"; };
		582981502969F8D000D2B28C /* TabView.swift */ = {isa = PBXFileReference; lastKnownFileType = sourcecode.swift; path = TabView.swift; sourceTree = "<group>"; };
		582981522969FA9F00D2B28C /* SettingsView.swift */ = {isa = PBXFileReference; lastKnownFileType = sourcecode.swift; path = SettingsView.swift; sourceTree = "<group>"; };
		582981542969FB0500D2B28C /* PatientsListView.swift */ = {isa = PBXFileReference; lastKnownFileType = sourcecode.swift; path = PatientsListView.swift; sourceTree = "<group>"; };
		58298158296A0DAD00D2B28C /* SplashScreenView.swift */ = {isa = PBXFileReference; lastKnownFileType = sourcecode.swift; path = SplashScreenView.swift; sourceTree = "<group>"; };
		5829815A296DA82B00D2B28C /* Patients.swift */ = {isa = PBXFileReference; lastKnownFileType = sourcecode.swift; path = Patients.swift; sourceTree = "<group>"; };
		582981622975EBE800D2B28C /* PatientsViewModel.swift */ = {isa = PBXFileReference; lastKnownFileType = sourcecode.swift; path = PatientsViewModel.swift; sourceTree = "<group>"; };
		5829816D2975F8C000D2B28C /* PatientsDetailsView.swift */ = {isa = PBXFileReference; lastKnownFileType = sourcecode.swift; path = PatientsDetailsView.swift; sourceTree = "<group>"; };
		5829816F2976016500D2B28C /* PatientsEditView.swift */ = {isa = PBXFileReference; lastKnownFileType = sourcecode.swift; path = PatientsEditView.swift; sourceTree = "<group>"; };
		582981712976029200D2B28C /* PatientViewModel.swift */ = {isa = PBXFileReference; lastKnownFileType = sourcecode.swift; path = PatientViewModel.swift; sourceTree = "<group>"; };
		58390B8729360C2E003AF4C7 /* EIT-Remote.app */ = {isa = PBXFileReference; explicitFileType = wrapper.application; includeInIndex = 0; path = "EIT-Remote.app"; sourceTree = BUILT_PRODUCTS_DIR; };
		58390B8A29360C2E003AF4C7 /* EIT_RemoteApp.swift */ = {isa = PBXFileReference; lastKnownFileType = sourcecode.swift; path = EIT_RemoteApp.swift; sourceTree = "<group>"; };
		58390B8C29360C2E003AF4C7 /* ContentView.swift */ = {isa = PBXFileReference; lastKnownFileType = sourcecode.swift; path = ContentView.swift; sourceTree = "<group>"; };
		58390B9129360C2F003AF4C7 /* Preview Assets.xcassets */ = {isa = PBXFileReference; lastKnownFileType = folder.assetcatalog; path = "Preview Assets.xcassets"; sourceTree = "<group>"; };
		583C9D2E2A2741A8003464DA /* AuthService.swift */ = {isa = PBXFileReference; lastKnownFileType = sourcecode.swift; path = AuthService.swift; sourceTree = "<group>"; };
		583C9D302A274293003464DA /* DatabaseService.swift */ = {isa = PBXFileReference; lastKnownFileType = sourcecode.swift; path = DatabaseService.swift; sourceTree = "<group>"; };
		583C9D322A2742F2003464DA /* TabViewModel.swift */ = {isa = PBXFileReference; lastKnownFileType = sourcecode.swift; path = TabViewModel.swift; sourceTree = "<group>"; };
		583C9D342A2790BD003464DA /* StorageService.swift */ = {isa = PBXFileReference; lastKnownFileType = sourcecode.swift; path = StorageService.swift; sourceTree = "<group>"; };
		583C9D362A279129003464DA /* Patient.swift */ = {isa = PBXFileReference; lastKnownFileType = sourcecode.swift; path = Patient.swift; sourceTree = "<group>"; };
		583C9D382A2791A6003464DA /* Position.swift */ = {isa = PBXFileReference; lastKnownFileType = sourcecode.swift; path = Position.swift; sourceTree = "<group>"; };
		583C9D3A2A2791EF003464DA /* Order.swift */ = {isa = PBXFileReference; lastKnownFileType = sourcecode.swift; path = Order.swift; sourceTree = "<group>"; };
		583C9D3C2A279216003464DA /* OrderStatus.swift */ = {isa = PBXFileReference; lastKnownFileType = sourcecode.swift; path = OrderStatus.swift; sourceTree = "<group>"; };
		583C9D3E2A279BA6003464DA /* CatalogViewModel.swift */ = {isa = PBXFileReference; lastKnownFileType = sourcecode.swift; path = CatalogViewModel.swift; sourceTree = "<group>"; };
		583C9D402A279BF5003464DA /* PatientDetailViewModel.swift */ = {isa = PBXFileReference; lastKnownFileType = sourcecode.swift; path = PatientDetailViewModel.swift; sourceTree = "<group>"; };
		583C9D422A279C9B003464DA /* CartViewModel.swift */ = {isa = PBXFileReference; lastKnownFileType = sourcecode.swift; path = CartViewModel.swift; sourceTree = "<group>"; };
		583C9D442A279CC0003464DA /* ProfileViewModel.swift */ = {isa = PBXFileReference; lastKnownFileType = sourcecode.swift; path = ProfileViewModel.swift; sourceTree = "<group>"; };
		583C9D462A279D66003464DA /* AdminViewModel.swift */ = {isa = PBXFileReference; lastKnownFileType = sourcecode.swift; path = AdminViewModel.swift; sourceTree = "<group>"; };
		583C9D482A279DA0003464DA /* OrderDetViewModel.swift */ = {isa = PBXFileReference; lastKnownFileType = sourcecode.swift; path = OrderDetViewModel.swift; sourceTree = "<group>"; };
		583C9D4A2A279DF0003464DA /* CatalogView.swift */ = {isa = PBXFileReference; lastKnownFileType = sourcecode.swift; path = CatalogView.swift; sourceTree = "<group>"; };
		583C9D4C2A279E14003464DA /* DetProdView.swift */ = {isa = PBXFileReference; lastKnownFileType = sourcecode.swift; path = DetProdView.swift; sourceTree = "<group>"; };
		583C9D4E2A279E6F003464DA /* CartView.swift */ = {isa = PBXFileReference; lastKnownFileType = sourcecode.swift; path = CartView.swift; sourceTree = "<group>"; };
		583C9D502A27ABF7003464DA /* Categories.swift */ = {isa = PBXFileReference; lastKnownFileType = sourcecode.swift; path = Categories.swift; sourceTree = "<group>"; };
		583C9D522A27AC50003464DA /* ProductCell.swift */ = {isa = PBXFileReference; lastKnownFileType = sourcecode.swift; path = ProductCell.swift; sourceTree = "<group>"; };
		583C9D542A27AC86003464DA /* PositionCell.swift */ = {isa = PBXFileReference; lastKnownFileType = sourcecode.swift; path = PositionCell.swift; sourceTree = "<group>"; };
		583C9D562A27ACA6003464DA /* OrderCell.swift */ = {isa = PBXFileReference; lastKnownFileType = sourcecode.swift; path = OrderCell.swift; sourceTree = "<group>"; };
		583C9D582A27ACD4003464DA /* ImagePicker.swift */ = {isa = PBXFileReference; lastKnownFileType = sourcecode.swift; path = ImagePicker.swift; sourceTree = "<group>"; };
		583C9D5A2A27ACFC003464DA /* View.swift */ = {isa = PBXFileReference; lastKnownFileType = sourcecode.swift; path = View.swift; sourceTree = "<group>"; };
		583C9D5C2A27AD1C003464DA /* Date.swift */ = {isa = PBXFileReference; lastKnownFileType = sourcecode.swift; path = Date.swift; sourceTree = "<group>"; };
		583C9D5E2A27AD43003464DA /* AdminOrdersView.swift */ = {isa = PBXFileReference; lastKnownFileType = sourcecode.swift; path = AdminOrdersView.swift; sourceTree = "<group>"; };
		583C9D602A27AD79003464DA /* OrderDetailView.swift */ = {isa = PBXFileReference; lastKnownFileType = sourcecode.swift; path = OrderDetailView.swift; sourceTree = "<group>"; };
		583C9D622A27AE0D003464DA /* AddProductView.swift */ = {isa = PBXFileReference; lastKnownFileType = sourcecode.swift; path = AddProductView.swift; sourceTree = "<group>"; };
		583C9D642A27AFAB003464DA /* ProfileView.swift */ = {isa = PBXFileReference; lastKnownFileType = sourcecode.swift; path = ProfileView.swift; sourceTree = "<group>"; };
		583C9D6B2A27EB15003464DA /* AuthView.swift */ = {isa = PBXFileReference; lastKnownFileType = sourcecode.swift; path = AuthView.swift; sourceTree = "<group>"; };
		587ADCDE29E01D7D005EC986 /* ImageView.swift */ = {isa = PBXFileReference; lastKnownFileType = sourcecode.swift; path = ImageView.swift; sourceTree = "<group>"; };
		588BDC682A0E4E410065A337 /* README.md */ = {isa = PBXFileReference; lastKnownFileType = net.daringfireball.markdown; path = README.md; sourceTree = "<group>"; };
		588BDC692A1506830065A337 /* ImageStreamView.swift */ = {isa = PBXFileReference; lastKnownFileType = sourcecode.swift; path = ImageStreamView.swift; sourceTree = "<group>"; };
		588BDC6B2A1942E90065A337 /* VentilationView.swift */ = {isa = PBXFileReference; lastKnownFileType = sourcecode.swift; path = VentilationView.swift; sourceTree = "<group>"; };
		588BDC742A1E96370065A337 /* User.swift */ = {isa = PBXFileReference; lastKnownFileType = sourcecode.swift; path = User.swift; sourceTree = "<group>"; };
		58BC642C2A288D1C004C914F /* Assets.xcassets */ = {isa = PBXFileReference; lastKnownFileType = folder.assetcatalog; path = Assets.xcassets; sourceTree = "<group>"; };
		58BC642E2A2911B4004C914F /* VentilationViewModel.swift */ = {isa = PBXFileReference; lastKnownFileType = sourcecode.swift; path = VentilationViewModel.swift; sourceTree = "<group>"; };
		58BC64302A2FF2EF004C914F /* ShareSheet.swift */ = {isa = PBXFileReference; lastKnownFileType = sourcecode.swift; path = ShareSheet.swift; sourceTree = "<group>"; };
		58BC64322A30698C004C914F /* Info.plist */ = {isa = PBXFileReference; lastKnownFileType = text.plist; path = Info.plist; sourceTree = "<group>"; };
		58BC64352A30716E004C914F /* Time.swift */ = {isa = PBXFileReference; lastKnownFileType = sourcecode.swift; path = Time.swift; sourceTree = "<group>"; };
/* End PBXFileReference section */

/* Begin PBXFrameworksBuildPhase section */
		58390B8429360C2E003AF4C7 /* Frameworks */ = {
			isa = PBXFrameworksBuildPhase;
			buildActionMask = 2147483647;
			files = (
				582646232950CEAA0008923C /* FirebaseFirestoreSwift in Frameworks */,
				58264610294E52CB0008923C /* FirebaseDatabase in Frameworks */,
				58264612294E52CB0008923C /* FirebaseFirestore in Frameworks */,
				5829816C2975F6CA00D2B28C /* CachedAsyncImage in Frameworks */,
				582981662975F4C200D2B28C /* SDWebImage in Frameworks */,
				582981692975F5A700D2B28C /* SDWebImageSwiftUI in Frameworks */,
				58264609294E4AF90008923C /* SQLite in Frameworks */,
				5826460E294E52CB0008923C /* FirebaseAuth in Frameworks */,
				582646252950CEC30008923C /* FirebaseStorage in Frameworks */,
				588BDC6F2A1A72600065A337 /* SwiftUICharts in Frameworks */,
			);
			runOnlyForDeploymentPostprocessing = 0;
		};
/* End PBXFrameworksBuildPhase section */

/* Begin PBXGroup section */
		5826461B29509BEC0008923C /* View */ = {
			isa = PBXGroup;
			children = (
				582981502969F8D000D2B28C /* TabView.swift */,
				582981542969FB0500D2B28C /* PatientsListView.swift */,
				582981522969FA9F00D2B28C /* SettingsView.swift */,
				5829816D2975F8C000D2B28C /* PatientsDetailsView.swift */,
				5829816F2976016500D2B28C /* PatientsEditView.swift */,
				587ADCDE29E01D7D005EC986 /* ImageView.swift */,
				588BDC692A1506830065A337 /* ImageStreamView.swift */,
				588BDC6B2A1942E90065A337 /* VentilationView.swift */,
				583C9D4A2A279DF0003464DA /* CatalogView.swift */,
				583C9D4C2A279E14003464DA /* DetProdView.swift */,
				583C9D4E2A279E6F003464DA /* CartView.swift */,
				583C9D502A27ABF7003464DA /* Categories.swift */,
				583C9D522A27AC50003464DA /* ProductCell.swift */,
				583C9D542A27AC86003464DA /* PositionCell.swift */,
				583C9D562A27ACA6003464DA /* OrderCell.swift */,
				583C9D5E2A27AD43003464DA /* AdminOrdersView.swift */,
				583C9D602A27AD79003464DA /* OrderDetailView.swift */,
				583C9D622A27AE0D003464DA /* AddProductView.swift */,
				583C9D642A27AFAB003464DA /* ProfileView.swift */,
				583C9D6B2A27EB15003464DA /* AuthView.swift */,
				58BC64302A2FF2EF004C914F /* ShareSheet.swift */,
				58BC64352A30716E004C914F /* Time.swift */,
			);
			path = View;
			sourceTree = "<group>";
		};
		5826461E29509CCD0008923C /* Extension */ = {
			isa = PBXGroup;
			children = (
				5826461F29509CE00008923C /* Color.swift */,
				58298158296A0DAD00D2B28C /* SplashScreenView.swift */,
				583C9D2E2A2741A8003464DA /* AuthService.swift */,
				583C9D302A274293003464DA /* DatabaseService.swift */,
				583C9D342A2790BD003464DA /* StorageService.swift */,
				583C9D582A27ACD4003464DA /* ImagePicker.swift */,
				583C9D5A2A27ACFC003464DA /* View.swift */,
				583C9D5C2A27AD1C003464DA /* Date.swift */,
			);
			path = Extension;
			sourceTree = "<group>";
		};
		582646212950CEAA0008923C /* Frameworks */ = {
			isa = PBXGroup;
			children = (
			);
			name = Frameworks;
			sourceTree = "<group>";
		};
		582646262950D25E0008923C /* Model */ = {
			isa = PBXGroup;
			children = (
				5829815A296DA82B00D2B28C /* Patients.swift */,
				588BDC742A1E96370065A337 /* User.swift */,
				583C9D362A279129003464DA /* Patient.swift */,
				583C9D382A2791A6003464DA /* Position.swift */,
				583C9D3A2A2791EF003464DA /* Order.swift */,
				583C9D3C2A279216003464DA /* OrderStatus.swift */,
			);
			path = Model;
			sourceTree = "<group>";
		};
		582981612975EBD100D2B28C /* ViewModel */ = {
			isa = PBXGroup;
			children = (
				582981622975EBE800D2B28C /* PatientsViewModel.swift */,
				582981712976029200D2B28C /* PatientViewModel.swift */,
				583C9D322A2742F2003464DA /* TabViewModel.swift */,
				583C9D3E2A279BA6003464DA /* CatalogViewModel.swift */,
				583C9D402A279BF5003464DA /* PatientDetailViewModel.swift */,
				583C9D422A279C9B003464DA /* CartViewModel.swift */,
				583C9D442A279CC0003464DA /* ProfileViewModel.swift */,
				583C9D462A279D66003464DA /* AdminViewModel.swift */,
				583C9D482A279DA0003464DA /* OrderDetViewModel.swift */,
				58BC642E2A2911B4004C914F /* VentilationViewModel.swift */,
			);
			path = ViewModel;
			sourceTree = "<group>";
		};
		58390B7E29360C2E003AF4C7 = {
			isa = PBXGroup;
			children = (
				588BDC682A0E4E410065A337 /* README.md */,
				58390B8929360C2E003AF4C7 /* EIT-Remote */,
				58390B8829360C2E003AF4C7 /* Products */,
				582646212950CEAA0008923C /* Frameworks */,
			);
			sourceTree = "<group>";
		};
		58390B8829360C2E003AF4C7 /* Products */ = {
			isa = PBXGroup;
			children = (
				58390B8729360C2E003AF4C7 /* EIT-Remote.app */,
			);
			name = Products;
			sourceTree = "<group>";
		};
		58390B8929360C2E003AF4C7 /* EIT-Remote */ = {
			isa = PBXGroup;
			children = (
				58BC64322A30698C004C914F /* Info.plist */,
				582981612975EBD100D2B28C /* ViewModel */,
				582646262950D25E0008923C /* Model */,
				5826461E29509CCD0008923C /* Extension */,
				5826461B29509BEC0008923C /* View */,
				58390B8A29360C2E003AF4C7 /* EIT_RemoteApp.swift */,
				58390B8C29360C2E003AF4C7 /* ContentView.swift */,
				58264613294E65EA0008923C /* GoogleService-Info.plist */,
				58BC642C2A288D1C004C914F /* Assets.xcassets */,
				58390B9029360C2F003AF4C7 /* Preview Content */,
			);
			path = "EIT-Remote";
			sourceTree = "<group>";
		};
		58390B9029360C2F003AF4C7 /* Preview Content */ = {
			isa = PBXGroup;
			children = (
				58390B9129360C2F003AF4C7 /* Preview Assets.xcassets */,
			);
			path = "Preview Content";
			sourceTree = "<group>";
		};
/* End PBXGroup section */

/* Begin PBXNativeTarget section */
		58390B8629360C2E003AF4C7 /* EIT-Remote */ = {
			isa = PBXNativeTarget;
			buildConfigurationList = 58390B9529360C2F003AF4C7 /* Build configuration list for PBXNativeTarget "EIT-Remote" */;
			buildPhases = (
				58390B8329360C2E003AF4C7 /* Sources */,
				58390B8429360C2E003AF4C7 /* Frameworks */,
				58390B8529360C2E003AF4C7 /* Resources */,
			);
			buildRules = (
			);
			dependencies = (
			);
			name = "EIT-Remote";
			packageProductDependencies = (
				58264608294E4AF90008923C /* SQLite */,
				5826460D294E52CB0008923C /* FirebaseAuth */,
				5826460F294E52CB0008923C /* FirebaseDatabase */,
				58264611294E52CB0008923C /* FirebaseFirestore */,
				582646222950CEAA0008923C /* FirebaseFirestoreSwift */,
				582646242950CEC30008923C /* FirebaseStorage */,
				582981652975F4C200D2B28C /* SDWebImage */,
				582981682975F5A700D2B28C /* SDWebImageSwiftUI */,
				5829816B2975F6CA00D2B28C /* CachedAsyncImage */,
				588BDC6E2A1A72600065A337 /* SwiftUICharts */,
			);
			productName = "EIT-Remote";
			productReference = 58390B8729360C2E003AF4C7 /* EIT-Remote.app */;
			productType = "com.apple.product-type.application";
		};
/* End PBXNativeTarget section */

/* Begin PBXProject section */
		58390B7F29360C2E003AF4C7 /* Project object */ = {
			isa = PBXProject;
			attributes = {
				BuildIndependentTargetsInParallel = 1;
				LastSwiftUpdateCheck = 1410;
				LastUpgradeCheck = 1410;
				TargetAttributes = {
					58390B8629360C2E003AF4C7 = {
						CreatedOnToolsVersion = 14.1;
					};
				};
			};
			buildConfigurationList = 58390B8229360C2E003AF4C7 /* Build configuration list for PBXProject "EIT-Remote" */;
			compatibilityVersion = "Xcode 14.0";
			developmentRegion = en;
			hasScannedForEncodings = 0;
			knownRegions = (
				en,
				Base,
			);
			mainGroup = 58390B7E29360C2E003AF4C7;
			packageReferences = (
				58264607294E4AF90008923C /* XCRemoteSwiftPackageReference "SQLite.swift" */,
				5826460C294E52CB0008923C /* XCRemoteSwiftPackageReference "firebase-ios-sdk" */,
				582981642975F4C200D2B28C /* XCRemoteSwiftPackageReference "SDWebImage" */,
				582981672975F5A700D2B28C /* XCRemoteSwiftPackageReference "SDWebImageSwiftUI" */,
				5829816A2975F6CA00D2B28C /* XCRemoteSwiftPackageReference "swiftui-cached-async-image" */,
				588BDC6D2A1A725F0065A337 /* XCRemoteSwiftPackageReference "SwiftUICharts" */,
			);
			productRefGroup = 58390B8829360C2E003AF4C7 /* Products */;
			projectDirPath = "";
			projectRoot = "";
			targets = (
				58390B8629360C2E003AF4C7 /* EIT-Remote */,
			);
		};
/* End PBXProject section */

/* Begin PBXResourcesBuildPhase section */
		58390B8529360C2E003AF4C7 /* Resources */ = {
			isa = PBXResourcesBuildPhase;
			buildActionMask = 2147483647;
			files = (
				58264614294E65EA0008923C /* GoogleService-Info.plist in Resources */,
				58390B9229360C2F003AF4C7 /* Preview Assets.xcassets in Resources */,
				58BC642D2A288D1C004C914F /* Assets.xcassets in Resources */,
			);
			runOnlyForDeploymentPostprocessing = 0;
		};
/* End PBXResourcesBuildPhase section */

/* Begin PBXSourcesBuildPhase section */
		58390B8329360C2E003AF4C7 /* Sources */ = {
			isa = PBXSourcesBuildPhase;
			buildActionMask = 2147483647;
			files = (
				583C9D392A2791A6003464DA /* Position.swift in Sources */,
				587ADCDF29E01D7D005EC986 /* ImageView.swift in Sources */,
				5829815B296DA82B00D2B28C /* Patients.swift in Sources */,
				583C9D412A279BF5003464DA /* PatientDetailViewModel.swift in Sources */,
				583C9D4B2A279DF0003464DA /* CatalogView.swift in Sources */,
				583C9D312A274293003464DA /* DatabaseService.swift in Sources */,
				583C9D4F2A279E6F003464DA /* CartView.swift in Sources */,
				583C9D592A27ACD4003464DA /* ImagePicker.swift in Sources */,
				582981632975EBE800D2B28C /* PatientsViewModel.swift in Sources */,
				583C9D452A279CC0003464DA /* ProfileViewModel.swift in Sources */,
				583C9D432A279C9B003464DA /* CartViewModel.swift in Sources */,
				583C9D5D2A27AD1C003464DA /* Date.swift in Sources */,
				582981702976016500D2B28C /* PatientsEditView.swift in Sources */,
				583C9D352A2790BD003464DA /* StorageService.swift in Sources */,
				583C9D532A27AC50003464DA /* ProductCell.swift in Sources */,
				583C9D2F2A2741A8003464DA /* AuthService.swift in Sources */,
				582981532969FA9F00D2B28C /* SettingsView.swift in Sources */,
				5826462029509CE00008923C /* Color.swift in Sources */,
				588BDC752A1E96370065A337 /* User.swift in Sources */,
				582981512969F8D000D2B28C /* TabView.swift in Sources */,
				583C9D652A27AFAB003464DA /* ProfileView.swift in Sources */,
				583C9D3D2A279216003464DA /* OrderStatus.swift in Sources */,
				58BC64312A2FF2EF004C914F /* ShareSheet.swift in Sources */,
				583C9D332A2742F2003464DA /* TabViewModel.swift in Sources */,
				583C9D572A27ACA6003464DA /* OrderCell.swift in Sources */,
				58390B8D29360C2E003AF4C7 /* ContentView.swift in Sources */,
				588BDC6C2A1942EA0065A337 /* VentilationView.swift in Sources */,
				583C9D6C2A27EB15003464DA /* AuthView.swift in Sources */,
				583C9D512A27ABF7003464DA /* Categories.swift in Sources */,
				583C9D612A27AD79003464DA /* OrderDetailView.swift in Sources */,
				588BDC6A2A1506830065A337 /* ImageStreamView.swift in Sources */,
				583C9D5B2A27ACFC003464DA /* View.swift in Sources */,
				582981552969FB0500D2B28C /* PatientsListView.swift in Sources */,
				582981722976029200D2B28C /* PatientViewModel.swift in Sources */,
				5829816E2975F8C000D2B28C /* PatientsDetailsView.swift in Sources */,
				58BC642F2A2911B4004C914F /* VentilationViewModel.swift in Sources */,
				58BC64362A30716E004C914F /* Time.swift in Sources */,
				583C9D632A27AE0D003464DA /* AddProductView.swift in Sources */,
				583C9D492A279DA0003464DA /* OrderDetViewModel.swift in Sources */,
				583C9D4D2A279E14003464DA /* DetProdView.swift in Sources */,
				583C9D5F2A27AD43003464DA /* AdminOrdersView.swift in Sources */,
				58390B8B29360C2E003AF4C7 /* EIT_RemoteApp.swift in Sources */,
				583C9D3B2A2791EF003464DA /* Order.swift in Sources */,
				58298159296A0DAD00D2B28C /* SplashScreenView.swift in Sources */,
				583C9D3F2A279BA6003464DA /* CatalogViewModel.swift in Sources */,
				583C9D372A279129003464DA /* Patient.swift in Sources */,
				583C9D552A27AC86003464DA /* PositionCell.swift in Sources */,
				583C9D472A279D66003464DA /* AdminViewModel.swift in Sources */,
			);
			runOnlyForDeploymentPostprocessing = 0;
		};
/* End PBXSourcesBuildPhase section */

/* Begin XCBuildConfiguration section */
		58390B9329360C2F003AF4C7 /* Debug */ = {
			isa = XCBuildConfiguration;
			buildSettings = {
				ALWAYS_SEARCH_USER_PATHS = NO;
				CLANG_ANALYZER_NONNULL = YES;
				CLANG_ANALYZER_NUMBER_OBJECT_CONVERSION = YES_AGGRESSIVE;
				CLANG_CXX_LANGUAGE_STANDARD = "gnu++20";
				CLANG_ENABLE_MODULES = YES;
				CLANG_ENABLE_OBJC_ARC = YES;
				CLANG_ENABLE_OBJC_WEAK = YES;
				CLANG_WARN_BLOCK_CAPTURE_AUTORELEASING = YES;
				CLANG_WARN_BOOL_CONVERSION = YES;
				CLANG_WARN_COMMA = YES;
				CLANG_WARN_CONSTANT_CONVERSION = YES;
				CLANG_WARN_DEPRECATED_OBJC_IMPLEMENTATIONS = YES;
				CLANG_WARN_DIRECT_OBJC_ISA_USAGE = YES_ERROR;
				CLANG_WARN_DOCUMENTATION_COMMENTS = YES;
				CLANG_WARN_EMPTY_BODY = YES;
				CLANG_WARN_ENUM_CONVERSION = YES;
				CLANG_WARN_INFINITE_RECURSION = YES;
				CLANG_WARN_INT_CONVERSION = YES;
				CLANG_WARN_NON_LITERAL_NULL_CONVERSION = YES;
				CLANG_WARN_OBJC_IMPLICIT_RETAIN_SELF = YES;
				CLANG_WARN_OBJC_LITERAL_CONVERSION = YES;
				CLANG_WARN_OBJC_ROOT_CLASS = YES_ERROR;
				CLANG_WARN_QUOTED_INCLUDE_IN_FRAMEWORK_HEADER = YES;
				CLANG_WARN_RANGE_LOOP_ANALYSIS = YES;
				CLANG_WARN_STRICT_PROTOTYPES = YES;
				CLANG_WARN_SUSPICIOUS_MOVE = YES;
				CLANG_WARN_UNGUARDED_AVAILABILITY = YES_AGGRESSIVE;
				CLANG_WARN_UNREACHABLE_CODE = YES;
				CLANG_WARN__DUPLICATE_METHOD_MATCH = YES;
				COPY_PHASE_STRIP = NO;
				DEBUG_INFORMATION_FORMAT = dwarf;
				ENABLE_STRICT_OBJC_MSGSEND = YES;
				ENABLE_TESTABILITY = YES;
				GCC_C_LANGUAGE_STANDARD = gnu11;
				GCC_DYNAMIC_NO_PIC = NO;
				GCC_NO_COMMON_BLOCKS = YES;
				GCC_OPTIMIZATION_LEVEL = 0;
				GCC_PREPROCESSOR_DEFINITIONS = (
					"DEBUG=1",
					"$(inherited)",
				);
				GCC_WARN_64_TO_32_BIT_CONVERSION = YES;
				GCC_WARN_ABOUT_RETURN_TYPE = YES_ERROR;
				GCC_WARN_UNDECLARED_SELECTOR = YES;
				GCC_WARN_UNINITIALIZED_AUTOS = YES_AGGRESSIVE;
				GCC_WARN_UNUSED_FUNCTION = YES;
				GCC_WARN_UNUSED_VARIABLE = YES;
				IPHONEOS_DEPLOYMENT_TARGET = 16.1;
				MTL_ENABLE_DEBUG_INFO = INCLUDE_SOURCE;
				MTL_FAST_MATH = YES;
				ONLY_ACTIVE_ARCH = YES;
				SDKROOT = iphoneos;
				SWIFT_ACTIVE_COMPILATION_CONDITIONS = DEBUG;
				SWIFT_OPTIMIZATION_LEVEL = "-Onone";
			};
			name = Debug;
		};
		58390B9429360C2F003AF4C7 /* Release */ = {
			isa = XCBuildConfiguration;
			buildSettings = {
				ALWAYS_SEARCH_USER_PATHS = NO;
				CLANG_ANALYZER_NONNULL = YES;
				CLANG_ANALYZER_NUMBER_OBJECT_CONVERSION = YES_AGGRESSIVE;
				CLANG_CXX_LANGUAGE_STANDARD = "gnu++20";
				CLANG_ENABLE_MODULES = YES;
				CLANG_ENABLE_OBJC_ARC = YES;
				CLANG_ENABLE_OBJC_WEAK = YES;
				CLANG_WARN_BLOCK_CAPTURE_AUTORELEASING = YES;
				CLANG_WARN_BOOL_CONVERSION = YES;
				CLANG_WARN_COMMA = YES;
				CLANG_WARN_CONSTANT_CONVERSION = YES;
				CLANG_WARN_DEPRECATED_OBJC_IMPLEMENTATIONS = YES;
				CLANG_WARN_DIRECT_OBJC_ISA_USAGE = YES_ERROR;
				CLANG_WARN_DOCUMENTATION_COMMENTS = YES;
				CLANG_WARN_EMPTY_BODY = YES;
				CLANG_WARN_ENUM_CONVERSION = YES;
				CLANG_WARN_INFINITE_RECURSION = YES;
				CLANG_WARN_INT_CONVERSION = YES;
				CLANG_WARN_NON_LITERAL_NULL_CONVERSION = YES;
				CLANG_WARN_OBJC_IMPLICIT_RETAIN_SELF = YES;
				CLANG_WARN_OBJC_LITERAL_CONVERSION = YES;
				CLANG_WARN_OBJC_ROOT_CLASS = YES_ERROR;
				CLANG_WARN_QUOTED_INCLUDE_IN_FRAMEWORK_HEADER = YES;
				CLANG_WARN_RANGE_LOOP_ANALYSIS = YES;
				CLANG_WARN_STRICT_PROTOTYPES = YES;
				CLANG_WARN_SUSPICIOUS_MOVE = YES;
				CLANG_WARN_UNGUARDED_AVAILABILITY = YES_AGGRESSIVE;
				CLANG_WARN_UNREACHABLE_CODE = YES;
				CLANG_WARN__DUPLICATE_METHOD_MATCH = YES;
				COPY_PHASE_STRIP = NO;
				DEBUG_INFORMATION_FORMAT = "dwarf-with-dsym";
				ENABLE_NS_ASSERTIONS = NO;
				ENABLE_STRICT_OBJC_MSGSEND = YES;
				GCC_C_LANGUAGE_STANDARD = gnu11;
				GCC_NO_COMMON_BLOCKS = YES;
				GCC_WARN_64_TO_32_BIT_CONVERSION = YES;
				GCC_WARN_ABOUT_RETURN_TYPE = YES_ERROR;
				GCC_WARN_UNDECLARED_SELECTOR = YES;
				GCC_WARN_UNINITIALIZED_AUTOS = YES_AGGRESSIVE;
				GCC_WARN_UNUSED_FUNCTION = YES;
				GCC_WARN_UNUSED_VARIABLE = YES;
				IPHONEOS_DEPLOYMENT_TARGET = 16.1;
				MTL_ENABLE_DEBUG_INFO = NO;
				MTL_FAST_MATH = YES;
				SDKROOT = iphoneos;
				SWIFT_COMPILATION_MODE = wholemodule;
				SWIFT_OPTIMIZATION_LEVEL = "-O";
				VALIDATE_PRODUCT = YES;
			};
			name = Release;
		};
		58390B9629360C2F003AF4C7 /* Debug */ = {
			isa = XCBuildConfiguration;
			buildSettings = {
				ASSETCATALOG_COMPILER_APPICON_NAME = AppIcon;
				ASSETCATALOG_COMPILER_GLOBAL_ACCENT_COLOR_NAME = AccentColor;
				CODE_SIGN_STYLE = Automatic;
				CURRENT_PROJECT_VERSION = 1;
				DEVELOPMENT_ASSET_PATHS = "\"EIT-Remote/Preview Content\"";
				DEVELOPMENT_TEAM = L5N89ZQYBM;
				ENABLE_PREVIEWS = YES;
				GENERATE_INFOPLIST_FILE = YES;
				INFOPLIST_FILE = "EIT-Remote/Info.plist";
				INFOPLIST_KEY_CFBundleDisplayName = "EIT Remote";
				INFOPLIST_KEY_LSApplicationCategoryType = "public.app-category.medical";
				INFOPLIST_KEY_NSPhotoLibraryUsageDescription = "To Save Image";
				INFOPLIST_KEY_UIApplicationSceneManifest_Generation = YES;
				INFOPLIST_KEY_UIApplicationSupportsIndirectInputEvents = YES;
				INFOPLIST_KEY_UILaunchScreen_Generation = YES;
				INFOPLIST_KEY_UILaunchStoryboardName = c;
				INFOPLIST_KEY_UISupportedInterfaceOrientations = UIInterfaceOrientationPortrait;
				INFOPLIST_KEY_UISupportedInterfaceOrientations_iPad = "UIInterfaceOrientationLandscapeLeft UIInterfaceOrientationLandscapeRight UIInterfaceOrientationPortrait UIInterfaceOrientationPortraitUpsideDown";
				LD_RUNPATH_SEARCH_PATHS = (
					"$(inherited)",
					"@executable_path/Frameworks",
				);
				MARKETING_VERSION = 1.0;
				PRODUCT_BUNDLE_IDENTIFIER = "vk.com.south.russian.EIT-Remote";
				PRODUCT_NAME = "$(TARGET_NAME)";
				SWIFT_EMIT_LOC_STRINGS = YES;
				SWIFT_VERSION = 5.0;
				TARGETED_DEVICE_FAMILY = "1,2";
			};
			name = Debug;
		};
		58390B9729360C2F003AF4C7 /* Release */ = {
			isa = XCBuildConfiguration;
			buildSettings = {
				ASSETCATALOG_COMPILER_APPICON_NAME = AppIcon;
				ASSETCATALOG_COMPILER_GLOBAL_ACCENT_COLOR_NAME = AccentColor;
				CODE_SIGN_STYLE = Automatic;
				CURRENT_PROJECT_VERSION = 1;
				DEVELOPMENT_ASSET_PATHS = "\"EIT-Remote/Preview Content\"";
				DEVELOPMENT_TEAM = L5N89ZQYBM;
				ENABLE_PREVIEWS = YES;
				GENERATE_INFOPLIST_FILE = YES;
				INFOPLIST_FILE = "EIT-Remote/Info.plist";
				INFOPLIST_KEY_CFBundleDisplayName = "EIT Remote";
				INFOPLIST_KEY_LSApplicationCategoryType = "public.app-category.medical";
				INFOPLIST_KEY_NSPhotoLibraryUsageDescription = "To Save Image";
				INFOPLIST_KEY_UIApplicationSceneManifest_Generation = YES;
				INFOPLIST_KEY_UIApplicationSupportsIndirectInputEvents = YES;
				INFOPLIST_KEY_UILaunchScreen_Generation = YES;
				INFOPLIST_KEY_UILaunchStoryboardName = c;
				INFOPLIST_KEY_UISupportedInterfaceOrientations = UIInterfaceOrientationPortrait;
				INFOPLIST_KEY_UISupportedInterfaceOrientations_iPad = "UIInterfaceOrientationLandscapeLeft UIInterfaceOrientationLandscapeRight UIInterfaceOrientationPortrait UIInterfaceOrientationPortraitUpsideDown";
				LD_RUNPATH_SEARCH_PATHS = (
					"$(inherited)",
					"@executable_path/Frameworks",
				);
				MARKETING_VERSION = 1.0;
				PRODUCT_BUNDLE_IDENTIFIER = "vk.com.south.russian.EIT-Remote";
				PRODUCT_NAME = "$(TARGET_NAME)";
				SWIFT_EMIT_LOC_STRINGS = YES;
				SWIFT_VERSION = 5.0;
				TARGETED_DEVICE_FAMILY = "1,2";
			};
			name = Release;
		};
/* End XCBuildConfiguration section */

/* Begin XCConfigurationList section */
		58390B8229360C2E003AF4C7 /* Build configuration list for PBXProject "EIT-Remote" */ = {
			isa = XCConfigurationList;
			buildConfigurations = (
				58390B9329360C2F003AF4C7 /* Debug */,
				58390B9429360C2F003AF4C7 /* Release */,
			);
			defaultConfigurationIsVisible = 0;
			defaultConfigurationName = Release;
		};
		58390B9529360C2F003AF4C7 /* Build configuration list for PBXNativeTarget "EIT-Remote" */ = {
			isa = XCConfigurationList;
			buildConfigurations = (
				58390B9629360C2F003AF4C7 /* Debug */,
				58390B9729360C2F003AF4C7 /* Release */,
			);
			defaultConfigurationIsVisible = 0;
			defaultConfigurationName = Release;
		};
/* End XCConfigurationList section */

/* Begin XCRemoteSwiftPackageReference section */
		58264607294E4AF90008923C /* XCRemoteSwiftPackageReference "SQLite.swift" */ = {
			isa = XCRemoteSwiftPackageReference;
			repositoryURL = "https://github.com/stephencelis/SQLite.swift.git";
			requirement = {
				kind = upToNextMajorVersion;
				minimumVersion = 0.9.2;
			};
		};
		5826460C294E52CB0008923C /* XCRemoteSwiftPackageReference "firebase-ios-sdk" */ = {
			isa = XCRemoteSwiftPackageReference;
			repositoryURL = "https://github.com/firebase/firebase-ios-sdk.git";
			requirement = {
				kind = upToNextMajorVersion;
				minimumVersion = 9.0.0;
			};
		};
		582981642975F4C200D2B28C /* XCRemoteSwiftPackageReference "SDWebImage" */ = {
			isa = XCRemoteSwiftPackageReference;
			repositoryURL = "https://github.com/SDWebImage/SDWebImage.git";
			requirement = {
				kind = upToNextMajorVersion;
				minimumVersion = 5.0.0;
			};
		};
		582981672975F5A700D2B28C /* XCRemoteSwiftPackageReference "SDWebImageSwiftUI" */ = {
			isa = XCRemoteSwiftPackageReference;
			repositoryURL = "https://github.com/SDWebImage/SDWebImageSwiftUI.git";
			requirement = {
				branch = master;
				kind = branch;
			};
		};
		5829816A2975F6CA00D2B28C /* XCRemoteSwiftPackageReference "swiftui-cached-async-image" */ = {
			isa = XCRemoteSwiftPackageReference;
			repositoryURL = "https://github.com/lorenzofiamingo/swiftui-cached-async-image.git";
			requirement = {
				kind = upToNextMajorVersion;
				minimumVersion = 2.0.0;
			};
		};
		588BDC6D2A1A725F0065A337 /* XCRemoteSwiftPackageReference "SwiftUICharts" */ = {
			isa = XCRemoteSwiftPackageReference;
			repositoryURL = "https://github.com/willdale/SwiftUICharts.git";
			requirement = {
				kind = upToNextMajorVersion;
				minimumVersion = 2.0.0;
			};
		};
/* End XCRemoteSwiftPackageReference section */

/* Begin XCSwiftPackageProductDependency section */
		58264608294E4AF90008923C /* SQLite */ = {
			isa = XCSwiftPackageProductDependency;
			package = 58264607294E4AF90008923C /* XCRemoteSwiftPackageReference "SQLite.swift" */;
			productName = SQLite;
		};
		5826460D294E52CB0008923C /* FirebaseAuth */ = {
			isa = XCSwiftPackageProductDependency;
			package = 5826460C294E52CB0008923C /* XCRemoteSwiftPackageReference "firebase-ios-sdk" */;
			productName = FirebaseAuth;
		};
		5826460F294E52CB0008923C /* FirebaseDatabase */ = {
			isa = XCSwiftPackageProductDependency;
			package = 5826460C294E52CB0008923C /* XCRemoteSwiftPackageReference "firebase-ios-sdk" */;
			productName = FirebaseDatabase;
		};
		58264611294E52CB0008923C /* FirebaseFirestore */ = {
			isa = XCSwiftPackageProductDependency;
			package = 5826460C294E52CB0008923C /* XCRemoteSwiftPackageReference "firebase-ios-sdk" */;
			productName = FirebaseFirestore;
		};
		582646222950CEAA0008923C /* FirebaseFirestoreSwift */ = {
			isa = XCSwiftPackageProductDependency;
			package = 5826460C294E52CB0008923C /* XCRemoteSwiftPackageReference "firebase-ios-sdk" */;
			productName = FirebaseFirestoreSwift;
		};
		582646242950CEC30008923C /* FirebaseStorage */ = {
			isa = XCSwiftPackageProductDependency;
			package = 5826460C294E52CB0008923C /* XCRemoteSwiftPackageReference "firebase-ios-sdk" */;
			productName = FirebaseStorage;
		};
		582981652975F4C200D2B28C /* SDWebImage */ = {
			isa = XCSwiftPackageProductDependency;
			package = 582981642975F4C200D2B28C /* XCRemoteSwiftPackageReference "SDWebImage" */;
			productName = SDWebImage;
		};
		582981682975F5A700D2B28C /* SDWebImageSwiftUI */ = {
			isa = XCSwiftPackageProductDependency;
			package = 582981672975F5A700D2B28C /* XCRemoteSwiftPackageReference "SDWebImageSwiftUI" */;
			productName = SDWebImageSwiftUI;
		};
		5829816B2975F6CA00D2B28C /* CachedAsyncImage */ = {
			isa = XCSwiftPackageProductDependency;
			package = 5829816A2975F6CA00D2B28C /* XCRemoteSwiftPackageReference "swiftui-cached-async-image" */;
			productName = CachedAsyncImage;
		};
		588BDC6E2A1A72600065A337 /* SwiftUICharts */ = {
			isa = XCSwiftPackageProductDependency;
			package = 588BDC6D2A1A725F0065A337 /* XCRemoteSwiftPackageReference "SwiftUICharts" */;
			productName = SwiftUICharts;
		};
/* End XCSwiftPackageProductDependency section */
	};
	rootObject = 58390B7F29360C2E003AF4C7 /* Project object */;
}
