// !$*UTF8*$!
{
	archiveVersion = 1;
	classes = {
	};
	objectVersion = 56;
	objects = {

/* Begin PBXBuildFile section */
		58264609294E4AF90008923C /* SQLite in Frameworks */ = {isa = PBXBuildFile; productRef = 58264608294E4AF90008923C /* SQLite */; };
		5826460E294E52CB0008923C /* FirebaseAuth in Frameworks */ = {isa = PBXBuildFile; productRef = 5826460D294E52CB0008923C /* FirebaseAuth */; };
		58264610294E52CB0008923C /* FirebaseDatabase in Frameworks */ = {isa = PBXBuildFile; productRef = 5826460F294E52CB0008923C /* FirebaseDatabase */; };
		58264612294E52CB0008923C /* FirebaseFirestore in Frameworks */ = {isa = PBXBuildFile; productRef = 58264611294E52CB0008923C /* FirebaseFirestore */; };
		58264614294E65EA0008923C /* GoogleService-Info.plist in Resources */ = {isa = PBXBuildFile; fileRef = 58264613294E65EA0008923C /* GoogleService-Info.plist */; };
		58264616294E71D60008923C /* ListView.swift in Sources */ = {isa = PBXBuildFile; fileRef = 58264615294E71D60008923C /* ListView.swift */; };
		58264618294E72340008923C /* PatientView.swift in Sources */ = {isa = PBXBuildFile; fileRef = 58264617294E72340008923C /* PatientView.swift */; };
		5826461A294E761F0008923C /* DataManager.swift in Sources */ = {isa = PBXBuildFile; fileRef = 58264619294E761F0008923C /* DataManager.swift */; };
		5826461D29509C170008923C /* LoginView.swift in Sources */ = {isa = PBXBuildFile; fileRef = 5826461C29509C170008923C /* LoginView.swift */; };
		5826462029509CE00008923C /* Color.swift in Sources */ = {isa = PBXBuildFile; fileRef = 5826461F29509CE00008923C /* Color.swift */; };
		582646232950CEAA0008923C /* FirebaseFirestoreSwift in Frameworks */ = {isa = PBXBuildFile; productRef = 582646222950CEAA0008923C /* FirebaseFirestoreSwift */; };
		582646252950CEC30008923C /* FirebaseStorage in Frameworks */ = {isa = PBXBuildFile; productRef = 582646242950CEC30008923C /* FirebaseStorage */; };
		582646282950D2680008923C /* User.swift in Sources */ = {isa = PBXBuildFile; fileRef = 582646272950D2680008923C /* User.swift */; };
		5826462A2950F2A70008923C /* LoadingView.swift in Sources */ = {isa = PBXBuildFile; fileRef = 582646292950F2A70008923C /* LoadingView.swift */; };
		58390B8B29360C2E003AF4C7 /* EIT_RemoteApp.swift in Sources */ = {isa = PBXBuildFile; fileRef = 58390B8A29360C2E003AF4C7 /* EIT_RemoteApp.swift */; };
		58390B8D29360C2E003AF4C7 /* ContentView.swift in Sources */ = {isa = PBXBuildFile; fileRef = 58390B8C29360C2E003AF4C7 /* ContentView.swift */; };
		58390B8F29360C2F003AF4C7 /* Assets.xcassets in Resources */ = {isa = PBXBuildFile; fileRef = 58390B8E29360C2F003AF4C7 /* Assets.xcassets */; };
		58390B9229360C2F003AF4C7 /* Preview Assets.xcassets in Resources */ = {isa = PBXBuildFile; fileRef = 58390B9129360C2F003AF4C7 /* Preview Assets.xcassets */; };
/* End PBXBuildFile section */

/* Begin PBXFileReference section */
		58264613294E65EA0008923C /* GoogleService-Info.plist */ = {isa = PBXFileReference; fileEncoding = 4; lastKnownFileType = text.plist.xml; path = "GoogleService-Info.plist"; sourceTree = "<group>"; };
		58264615294E71D60008923C /* ListView.swift */ = {isa = PBXFileReference; lastKnownFileType = sourcecode.swift; path = ListView.swift; sourceTree = "<group>"; };
		58264617294E72340008923C /* PatientView.swift */ = {isa = PBXFileReference; lastKnownFileType = sourcecode.swift; path = PatientView.swift; sourceTree = "<group>"; };
		58264619294E761F0008923C /* DataManager.swift */ = {isa = PBXFileReference; lastKnownFileType = sourcecode.swift; path = DataManager.swift; sourceTree = "<group>"; };
		5826461C29509C170008923C /* LoginView.swift */ = {isa = PBXFileReference; lastKnownFileType = sourcecode.swift; path = LoginView.swift; sourceTree = "<group>"; };
		5826461F29509CE00008923C /* Color.swift */ = {isa = PBXFileReference; lastKnownFileType = sourcecode.swift; path = Color.swift; sourceTree = "<group>"; };
		582646272950D2680008923C /* User.swift */ = {isa = PBXFileReference; lastKnownFileType = sourcecode.swift; path = User.swift; sourceTree = "<group>"; };
		582646292950F2A70008923C /* LoadingView.swift */ = {isa = PBXFileReference; lastKnownFileType = sourcecode.swift; path = LoadingView.swift; sourceTree = "<group>"; };
		58390B8729360C2E003AF4C7 /* EIT-Remote.app */ = {isa = PBXFileReference; explicitFileType = wrapper.application; includeInIndex = 0; path = "EIT-Remote.app"; sourceTree = BUILT_PRODUCTS_DIR; };
		58390B8A29360C2E003AF4C7 /* EIT_RemoteApp.swift */ = {isa = PBXFileReference; lastKnownFileType = sourcecode.swift; path = EIT_RemoteApp.swift; sourceTree = "<group>"; };
		58390B8C29360C2E003AF4C7 /* ContentView.swift */ = {isa = PBXFileReference; lastKnownFileType = sourcecode.swift; path = ContentView.swift; sourceTree = "<group>"; };
		58390B8E29360C2F003AF4C7 /* Assets.xcassets */ = {isa = PBXFileReference; lastKnownFileType = folder.assetcatalog; path = Assets.xcassets; sourceTree = "<group>"; };
		58390B9129360C2F003AF4C7 /* Preview Assets.xcassets */ = {isa = PBXFileReference; lastKnownFileType = folder.assetcatalog; path = "Preview Assets.xcassets"; sourceTree = "<group>"; };
/* End PBXFileReference section */

/* Begin PBXFrameworksBuildPhase section */
		58390B8429360C2E003AF4C7 /* Frameworks */ = {
			isa = PBXFrameworksBuildPhase;
			buildActionMask = 2147483647;
			files = (
				582646232950CEAA0008923C /* FirebaseFirestoreSwift in Frameworks */,
				58264610294E52CB0008923C /* FirebaseDatabase in Frameworks */,
				58264612294E52CB0008923C /* FirebaseFirestore in Frameworks */,
				58264609294E4AF90008923C /* SQLite in Frameworks */,
				5826460E294E52CB0008923C /* FirebaseAuth in Frameworks */,
				582646252950CEC30008923C /* FirebaseStorage in Frameworks */,
			);
			runOnlyForDeploymentPostprocessing = 0;
		};
/* End PBXFrameworksBuildPhase section */

/* Begin PBXGroup section */
		5826461B29509BEC0008923C /* View */ = {
			isa = PBXGroup;
			children = (
				5826461C29509C170008923C /* LoginView.swift */,
				582646292950F2A70008923C /* LoadingView.swift */,
			);
			path = View;
			sourceTree = "<group>";
		};
		5826461E29509CCD0008923C /* Extension */ = {
			isa = PBXGroup;
			children = (
				5826461F29509CE00008923C /* Color.swift */,
			);
			path = Extension;
			sourceTree = "<group>";
		};
		582646212950CEAA0008923C /* Frameworks */ = {
			isa = PBXGroup;
			children = (
			);
			name = Frameworks;
			sourceTree = "<group>";
		};
		582646262950D25E0008923C /* Model */ = {
			isa = PBXGroup;
			children = (
				582646272950D2680008923C /* User.swift */,
			);
			path = Model;
			sourceTree = "<group>";
		};
		58390B7E29360C2E003AF4C7 = {
			isa = PBXGroup;
			children = (
				58390B8929360C2E003AF4C7 /* EIT-Remote */,
				58390B8829360C2E003AF4C7 /* Products */,
				582646212950CEAA0008923C /* Frameworks */,
			);
			sourceTree = "<group>";
		};
		58390B8829360C2E003AF4C7 /* Products */ = {
			isa = PBXGroup;
			children = (
				58390B8729360C2E003AF4C7 /* EIT-Remote.app */,
			);
			name = Products;
			sourceTree = "<group>";
		};
		58390B8929360C2E003AF4C7 /* EIT-Remote */ = {
			isa = PBXGroup;
			children = (
				582646262950D25E0008923C /* Model */,
				5826461E29509CCD0008923C /* Extension */,
				5826461B29509BEC0008923C /* View */,
				58390B8A29360C2E003AF4C7 /* EIT_RemoteApp.swift */,
				58390B8C29360C2E003AF4C7 /* ContentView.swift */,
				58264615294E71D60008923C /* ListView.swift */,
				58264617294E72340008923C /* PatientView.swift */,
				58264619294E761F0008923C /* DataManager.swift */,
				58390B8E29360C2F003AF4C7 /* Assets.xcassets */,
				58264613294E65EA0008923C /* GoogleService-Info.plist */,
				58390B9029360C2F003AF4C7 /* Preview Content */,
			);
			path = "EIT-Remote";
			sourceTree = "<group>";
		};
		58390B9029360C2F003AF4C7 /* Preview Content */ = {
			isa = PBXGroup;
			children = (
				58390B9129360C2F003AF4C7 /* Preview Assets.xcassets */,
			);
			path = "Preview Content";
			sourceTree = "<group>";
		};
/* End PBXGroup section */

/* Begin PBXNativeTarget section */
		58390B8629360C2E003AF4C7 /* EIT-Remote */ = {
			isa = PBXNativeTarget;
			buildConfigurationList = 58390B9529360C2F003AF4C7 /* Build configuration list for PBXNativeTarget "EIT-Remote" */;
			buildPhases = (
				58390B8329360C2E003AF4C7 /* Sources */,
				58390B8429360C2E003AF4C7 /* Frameworks */,
				58390B8529360C2E003AF4C7 /* Resources */,
			);
			buildRules = (
			);
			dependencies = (
			);
			name = "EIT-Remote";
			packageProductDependencies = (
				58264608294E4AF90008923C /* SQLite */,
				5826460D294E52CB0008923C /* FirebaseAuth */,
				5826460F294E52CB0008923C /* FirebaseDatabase */,
				58264611294E52CB0008923C /* FirebaseFirestore */,
				582646222950CEAA0008923C /* FirebaseFirestoreSwift */,
				582646242950CEC30008923C /* FirebaseStorage */,
			);
			productName = "EIT-Remote";
			productReference = 58390B8729360C2E003AF4C7 /* EIT-Remote.app */;
			productType = "com.apple.product-type.application";
		};
/* End PBXNativeTarget section */

/* Begin PBXProject section */
		58390B7F29360C2E003AF4C7 /* Project object */ = {
			isa = PBXProject;
			attributes = {
				BuildIndependentTargetsInParallel = 1;
				LastSwiftUpdateCheck = 1410;
				LastUpgradeCheck = 1410;
				TargetAttributes = {
					58390B8629360C2E003AF4C7 = {
						CreatedOnToolsVersion = 14.1;
					};
				};
			};
			buildConfigurationList = 58390B8229360C2E003AF4C7 /* Build configuration list for PBXProject "EIT-Remote" */;
			compatibilityVersion = "Xcode 14.0";
			developmentRegion = en;
			hasScannedForEncodings = 0;
			knownRegions = (
				en,
				Base,
			);
			mainGroup = 58390B7E29360C2E003AF4C7;
			packageReferences = (
				58264607294E4AF90008923C /* XCRemoteSwiftPackageReference "SQLite.swift" */,
				5826460C294E52CB0008923C /* XCRemoteSwiftPackageReference "firebase-ios-sdk" */,
			);
			productRefGroup = 58390B8829360C2E003AF4C7 /* Products */;
			projectDirPath = "";
			projectRoot = "";
			targets = (
				58390B8629360C2E003AF4C7 /* EIT-Remote */,
			);
		};
/* End PBXProject section */

/* Begin PBXResourcesBuildPhase section */
		58390B8529360C2E003AF4C7 /* Resources */ = {
			isa = PBXResourcesBuildPhase;
			buildActionMask = 2147483647;
			files = (
				58264614294E65EA0008923C /* GoogleService-Info.plist in Resources */,
				58390B9229360C2F003AF4C7 /* Preview Assets.xcassets in Resources */,
				58390B8F29360C2F003AF4C7 /* Assets.xcassets in Resources */,
			);
			runOnlyForDeploymentPostprocessing = 0;
		};
/* End PBXResourcesBuildPhase section */

/* Begin PBXSourcesBuildPhase section */
		58390B8329360C2E003AF4C7 /* Sources */ = {
			isa = PBXSourcesBuildPhase;
			buildActionMask = 2147483647;
			files = (
				5826461D29509C170008923C /* LoginView.swift in Sources */,
				58264618294E72340008923C /* PatientView.swift in Sources */,
				5826462029509CE00008923C /* Color.swift in Sources */,
				5826461A294E761F0008923C /* DataManager.swift in Sources */,
				582646282950D2680008923C /* User.swift in Sources */,
				58390B8D29360C2E003AF4C7 /* ContentView.swift in Sources */,
				58390B8B29360C2E003AF4C7 /* EIT_RemoteApp.swift in Sources */,
				58264616294E71D60008923C /* ListView.swift in Sources */,
				5826462A2950F2A70008923C /* LoadingView.swift in Sources */,
			);
			runOnlyForDeploymentPostprocessing = 0;
		};
/* End PBXSourcesBuildPhase section */

/* Begin XCBuildConfiguration section */
		58390B9329360C2F003AF4C7 /* Debug */ = {
			isa = XCBuildConfiguration;
			buildSettings = {
				ALWAYS_SEARCH_USER_PATHS = NO;
				CLANG_ANALYZER_NONNULL = YES;
				CLANG_ANALYZER_NUMBER_OBJECT_CONVERSION = YES_AGGRESSIVE;
				CLANG_CXX_LANGUAGE_STANDARD = "gnu++20";
				CLANG_ENABLE_MODULES = YES;
				CLANG_ENABLE_OBJC_ARC = YES;
				CLANG_ENABLE_OBJC_WEAK = YES;
				CLANG_WARN_BLOCK_CAPTURE_AUTORELEASING = YES;
				CLANG_WARN_BOOL_CONVERSION = YES;
				CLANG_WARN_COMMA = YES;
				CLANG_WARN_CONSTANT_CONVERSION = YES;
				CLANG_WARN_DEPRECATED_OBJC_IMPLEMENTATIONS = YES;
				CLANG_WARN_DIRECT_OBJC_ISA_USAGE = YES_ERROR;
				CLANG_WARN_DOCUMENTATION_COMMENTS = YES;
				CLANG_WARN_EMPTY_BODY = YES;
				CLANG_WARN_ENUM_CONVERSION = YES;
				CLANG_WARN_INFINITE_RECURSION = YES;
				CLANG_WARN_INT_CONVERSION = YES;
				CLANG_WARN_NON_LITERAL_NULL_CONVERSION = YES;
				CLANG_WARN_OBJC_IMPLICIT_RETAIN_SELF = YES;
				CLANG_WARN_OBJC_LITERAL_CONVERSION = YES;
				CLANG_WARN_OBJC_ROOT_CLASS = YES_ERROR;
				CLANG_WARN_QUOTED_INCLUDE_IN_FRAMEWORK_HEADER = YES;
				CLANG_WARN_RANGE_LOOP_ANALYSIS = YES;
				CLANG_WARN_STRICT_PROTOTYPES = YES;
				CLANG_WARN_SUSPICIOUS_MOVE = YES;
				CLANG_WARN_UNGUARDED_AVAILABILITY = YES_AGGRESSIVE;
				CLANG_WARN_UNREACHABLE_CODE = YES;
				CLANG_WARN__DUPLICATE_METHOD_MATCH = YES;
				COPY_PHASE_STRIP = NO;
				DEBUG_INFORMATION_FORMAT = dwarf;
				ENABLE_STRICT_OBJC_MSGSEND = YES;
				ENABLE_TESTABILITY = YES;
				GCC_C_LANGUAGE_STANDARD = gnu11;
				GCC_DYNAMIC_NO_PIC = NO;
				GCC_NO_COMMON_BLOCKS = YES;
				GCC_OPTIMIZATION_LEVEL = 0;
				GCC_PREPROCESSOR_DEFINITIONS = (
					"DEBUG=1",
					"$(inherited)",
				);
				GCC_WARN_64_TO_32_BIT_CONVERSION = YES;
				GCC_WARN_ABOUT_RETURN_TYPE = YES_ERROR;
				GCC_WARN_UNDECLARED_SELECTOR = YES;
				GCC_WARN_UNINITIALIZED_AUTOS = YES_AGGRESSIVE;
				GCC_WARN_UNUSED_FUNCTION = YES;
				GCC_WARN_UNUSED_VARIABLE = YES;
				IPHONEOS_DEPLOYMENT_TARGET = 16.1;
				MTL_ENABLE_DEBUG_INFO = INCLUDE_SOURCE;
				MTL_FAST_MATH = YES;
				ONLY_ACTIVE_ARCH = YES;
				SDKROOT = iphoneos;
				SWIFT_ACTIVE_COMPILATION_CONDITIONS = DEBUG;
				SWIFT_OPTIMIZATION_LEVEL = "-Onone";
			};
			name = Debug;
		};
		58390B9429360C2F003AF4C7 /* Release */ = {
			isa = XCBuildConfiguration;
			buildSettings = {
				ALWAYS_SEARCH_USER_PATHS = NO;
				CLANG_ANALYZER_NONNULL = YES;
				CLANG_ANALYZER_NUMBER_OBJECT_CONVERSION = YES_AGGRESSIVE;
				CLANG_CXX_LANGUAGE_STANDARD = "gnu++20";
				CLANG_ENABLE_MODULES = YES;
				CLANG_ENABLE_OBJC_ARC = YES;
				CLANG_ENABLE_OBJC_WEAK = YES;
				CLANG_WARN_BLOCK_CAPTURE_AUTORELEASING = YES;
				CLANG_WARN_BOOL_CONVERSION = YES;
				CLANG_WARN_COMMA = YES;
				CLANG_WARN_CONSTANT_CONVERSION = YES;
				CLANG_WARN_DEPRECATED_OBJC_IMPLEMENTATIONS = YES;
				CLANG_WARN_DIRECT_OBJC_ISA_USAGE = YES_ERROR;
				CLANG_WARN_DOCUMENTATION_COMMENTS = YES;
				CLANG_WARN_EMPTY_BODY = YES;
				CLANG_WARN_ENUM_CONVERSION = YES;
				CLANG_WARN_INFINITE_RECURSION = YES;
				CLANG_WARN_INT_CONVERSION = YES;
				CLANG_WARN_NON_LITERAL_NULL_CONVERSION = YES;
				CLANG_WARN_OBJC_IMPLICIT_RETAIN_SELF = YES;
				CLANG_WARN_OBJC_LITERAL_CONVERSION = YES;
				CLANG_WARN_OBJC_ROOT_CLASS = YES_ERROR;
				CLANG_WARN_QUOTED_INCLUDE_IN_FRAMEWORK_HEADER = YES;
				CLANG_WARN_RANGE_LOOP_ANALYSIS = YES;
				CLANG_WARN_STRICT_PROTOTYPES = YES;
				CLANG_WARN_SUSPICIOUS_MOVE = YES;
				CLANG_WARN_UNGUARDED_AVAILABILITY = YES_AGGRESSIVE;
				CLANG_WARN_UNREACHABLE_CODE = YES;
				CLANG_WARN__DUPLICATE_METHOD_MATCH = YES;
				COPY_PHASE_STRIP = NO;
				DEBUG_INFORMATION_FORMAT = "dwarf-with-dsym";
				ENABLE_NS_ASSERTIONS = NO;
				ENABLE_STRICT_OBJC_MSGSEND = YES;
				GCC_C_LANGUAGE_STANDARD = gnu11;
				GCC_NO_COMMON_BLOCKS = YES;
				GCC_WARN_64_TO_32_BIT_CONVERSION = YES;
				GCC_WARN_ABOUT_RETURN_TYPE = YES_ERROR;
				GCC_WARN_UNDECLARED_SELECTOR = YES;
				GCC_WARN_UNINITIALIZED_AUTOS = YES_AGGRESSIVE;
				GCC_WARN_UNUSED_FUNCTION = YES;
				GCC_WARN_UNUSED_VARIABLE = YES;
				IPHONEOS_DEPLOYMENT_TARGET = 16.1;
				MTL_ENABLE_DEBUG_INFO = NO;
				MTL_FAST_MATH = YES;
				SDKROOT = iphoneos;
				SWIFT_COMPILATION_MODE = wholemodule;
				SWIFT_OPTIMIZATION_LEVEL = "-O";
				VALIDATE_PRODUCT = YES;
			};
			name = Release;
		};
		58390B9629360C2F003AF4C7 /* Debug */ = {
			isa = XCBuildConfiguration;
			buildSettings = {
				ASSETCATALOG_COMPILER_APPICON_NAME = AppIcon;
				ASSETCATALOG_COMPILER_GLOBAL_ACCENT_COLOR_NAME = AccentColor;
				CODE_SIGN_STYLE = Automatic;
				CURRENT_PROJECT_VERSION = 1;
				DEVELOPMENT_ASSET_PATHS = "\"EIT-Remote/Preview Content\"";
				DEVELOPMENT_TEAM = L5N89ZQYBM;
				ENABLE_PREVIEWS = YES;
				GENERATE_INFOPLIST_FILE = YES;
				INFOPLIST_KEY_UIApplicationSceneManifest_Generation = YES;
				INFOPLIST_KEY_UIApplicationSupportsIndirectInputEvents = YES;
				INFOPLIST_KEY_UILaunchScreen_Generation = YES;
				INFOPLIST_KEY_UISupportedInterfaceOrientations_iPad = "UIInterfaceOrientationPortrait UIInterfaceOrientationPortraitUpsideDown UIInterfaceOrientationLandscapeLeft UIInterfaceOrientationLandscapeRight";
				INFOPLIST_KEY_UISupportedInterfaceOrientations_iPhone = "UIInterfaceOrientationPortrait UIInterfaceOrientationLandscapeLeft UIInterfaceOrientationLandscapeRight";
				LD_RUNPATH_SEARCH_PATHS = (
					"$(inherited)",
					"@executable_path/Frameworks",
				);
				MARKETING_VERSION = 1.0;
				PRODUCT_BUNDLE_IDENTIFIER = "vk.com.south.russian.EIT-Remote";
				PRODUCT_NAME = "$(TARGET_NAME)";
				SWIFT_EMIT_LOC_STRINGS = YES;
				SWIFT_VERSION = 5.0;
				TARGETED_DEVICE_FAMILY = "1,2";
			};
			name = Debug;
		};
		58390B9729360C2F003AF4C7 /* Release */ = {
			isa = XCBuildConfiguration;
			buildSettings = {
				ASSETCATALOG_COMPILER_APPICON_NAME = AppIcon;
				ASSETCATALOG_COMPILER_GLOBAL_ACCENT_COLOR_NAME = AccentColor;
				CODE_SIGN_STYLE = Automatic;
				CURRENT_PROJECT_VERSION = 1;
				DEVELOPMENT_ASSET_PATHS = "\"EIT-Remote/Preview Content\"";
				DEVELOPMENT_TEAM = L5N89ZQYBM;
				ENABLE_PREVIEWS = YES;
				GENERATE_INFOPLIST_FILE = YES;
				INFOPLIST_KEY_UIApplicationSceneManifest_Generation = YES;
				INFOPLIST_KEY_UIApplicationSupportsIndirectInputEvents = YES;
				INFOPLIST_KEY_UILaunchScreen_Generation = YES;
				INFOPLIST_KEY_UISupportedInterfaceOrientations_iPad = "UIInterfaceOrientationPortrait UIInterfaceOrientationPortraitUpsideDown UIInterfaceOrientationLandscapeLeft UIInterfaceOrientationLandscapeRight";
				INFOPLIST_KEY_UISupportedInterfaceOrientations_iPhone = "UIInterfaceOrientationPortrait UIInterfaceOrientationLandscapeLeft UIInterfaceOrientationLandscapeRight";
				LD_RUNPATH_SEARCH_PATHS = (
					"$(inherited)",
					"@executable_path/Frameworks",
				);
				MARKETING_VERSION = 1.0;
				PRODUCT_BUNDLE_IDENTIFIER = "vk.com.south.russian.EIT-Remote";
				PRODUCT_NAME = "$(TARGET_NAME)";
				SWIFT_EMIT_LOC_STRINGS = YES;
				SWIFT_VERSION = 5.0;
				TARGETED_DEVICE_FAMILY = "1,2";
			};
			name = Release;
		};
/* End XCBuildConfiguration section */

/* Begin XCConfigurationList section */
		58390B8229360C2E003AF4C7 /* Build configuration list for PBXProject "EIT-Remote" */ = {
			isa = XCConfigurationList;
			buildConfigurations = (
				58390B9329360C2F003AF4C7 /* Debug */,
				58390B9429360C2F003AF4C7 /* Release */,
			);
			defaultConfigurationIsVisible = 0;
			defaultConfigurationName = Release;
		};
		58390B9529360C2F003AF4C7 /* Build configuration list for PBXNativeTarget "EIT-Remote" */ = {
			isa = XCConfigurationList;
			buildConfigurations = (
				58390B9629360C2F003AF4C7 /* Debug */,
				58390B9729360C2F003AF4C7 /* Release */,
			);
			defaultConfigurationIsVisible = 0;
			defaultConfigurationName = Release;
		};
/* End XCConfigurationList section */

/* Begin XCRemoteSwiftPackageReference section */
		58264607294E4AF90008923C /* XCRemoteSwiftPackageReference "SQLite.swift" */ = {
			isa = XCRemoteSwiftPackageReference;
			repositoryURL = "https://github.com/stephencelis/SQLite.swift.git";
			requirement = {
				kind = upToNextMajorVersion;
				minimumVersion = 0.9.2;
			};
		};
		5826460C294E52CB0008923C /* XCRemoteSwiftPackageReference "firebase-ios-sdk" */ = {
			isa = XCRemoteSwiftPackageReference;
			repositoryURL = "https://github.com/firebase/firebase-ios-sdk.git";
			requirement = {
				kind = upToNextMajorVersion;
				minimumVersion = 9.0.0;
			};
		};
/* End XCRemoteSwiftPackageReference section */

/* Begin XCSwiftPackageProductDependency section */
		58264608294E4AF90008923C /* SQLite */ = {
			isa = XCSwiftPackageProductDependency;
			package = 58264607294E4AF90008923C /* XCRemoteSwiftPackageReference "SQLite.swift" */;
			productName = SQLite;
		};
		5826460D294E52CB0008923C /* FirebaseAuth */ = {
			isa = XCSwiftPackageProductDependency;
			package = 5826460C294E52CB0008923C /* XCRemoteSwiftPackageReference "firebase-ios-sdk" */;
			productName = FirebaseAuth;
		};
		5826460F294E52CB0008923C /* FirebaseDatabase */ = {
			isa = XCSwiftPackageProductDependency;
			package = 5826460C294E52CB0008923C /* XCRemoteSwiftPackageReference "firebase-ios-sdk" */;
			productName = FirebaseDatabase;
		};
		58264611294E52CB0008923C /* FirebaseFirestore */ = {
			isa = XCSwiftPackageProductDependency;
			package = 5826460C294E52CB0008923C /* XCRemoteSwiftPackageReference "firebase-ios-sdk" */;
			productName = FirebaseFirestore;
		};
		582646222950CEAA0008923C /* FirebaseFirestoreSwift */ = {
			isa = XCSwiftPackageProductDependency;
			package = 5826460C294E52CB0008923C /* XCRemoteSwiftPackageReference "firebase-ios-sdk" */;
			productName = FirebaseFirestoreSwift;
		};
		582646242950CEC30008923C /* FirebaseStorage */ = {
			isa = XCSwiftPackageProductDependency;
			package = 5826460C294E52CB0008923C /* XCRemoteSwiftPackageReference "firebase-ios-sdk" */;
			productName = FirebaseStorage;
		};
/* End XCSwiftPackageProductDependency section */
	};
	rootObject = 58390B7F29360C2E003AF4C7 /* Project object */;
}
